
Microsoft Visual Studio Solution File, Format Version 12.00
# Visual Studio Version 17
VisualStudioVersion = 17.4.33213.308
MinimumVisualStudioVersion = 10.0.40219.1
Project("{FAE04EC0-301F-11D3-BF4B-00C04F79EFBC}") = "WeitereBeispiele", "WeitereBeispiele\WeitereBeispiele.csproj", "{3E3F4952-0AAE-4793-9DB7-E2ACA4BADEAD}"
EndProject
Project("{9A19103F-16F7-4668-BE54-9A1E7A4F7556}") = "TokenProvider", "..\TokenProvider\TokenProvider.csproj", "{DF434CA0-B2E6-4BEA-91BE-1A3105A17A9A}"
EndProject
Global
	GlobalSection(SolutionConfigurationPlatforms) = preSolution
		Debug|Any CPU = Debug|Any CPU
		Release|Any CPU = Release|Any CPU
	EndGlobalSection
	GlobalSection(ProjectConfigurationPlatforms) = postSolution
		{3E3F4952-0AAE-4793-9DB7-E2ACA4BADEAD}.Debug|Any CPU.ActiveCfg = Debug|Any CPU
		{3E3F4952-0AAE-4793-9DB7-E2ACA4BADEAD}.Debug|Any CPU.Build.0 = Debug|Any CPU
		{3E3F4952-0AAE-4793-9DB7-E2ACA4BADEAD}.Release|Any CPU.ActiveCfg = Release|Any CPU
		{3E3F4952-0AAE-4793-9DB7-E2ACA4BADEAD}.Release|Any CPU.Build.0 = Release|Any CPU
		{DF434CA0-B2E6-4BEA-91BE-1A3105A17A9A}.Debug|Any CPU.ActiveCfg = Debug|Any CPU
		{DF434CA0-B2E6-4BEA-91BE-1A3105A17A9A}.Debug|Any CPU.Build.0 = Debug|Any CPU
		{DF434CA0-B2E6-4BEA-91BE-1A3105A17A9A}.Release|Any CPU.ActiveCfg = Release|Any CPU
		{DF434CA0-B2E6-4BEA-91BE-1A3105A17A9A}.Release|Any CPU.Build.0 = Release|Any CPU
	EndGlobalSection
	GlobalSection(SolutionProperties) = preSolution
		HideSolutionNode = FALSE
	EndGlobalSection
	GlobalSection(ExtensibilityGlobals) = postSolution
		SolutionGuid = {784B1FFF-79CB-4BF0-B290-76F7094DA07A}
	EndGlobalSection
EndGlobal
